
Microsoft Visual Studio Solution File, Format Version 12.00
# Visual Studio Version 16
VisualStudioVersion = 16.0.29215.179
MinimumVisualStudioVersion = 10.0.40219.1
Project("{2150E333-8FDC-42A3-9474-1A3956D46DE8}") = "Solution Items", "Solution Items", "{76A030AB-1C70-4CC7-82FF-4C74CB8E0B71}"
	ProjectSection(SolutionItems) = preProject
		README.md = README.md
	EndProjectSection
EndProject
Project("{2150E333-8FDC-42A3-9474-1A3956D46DE8}") = "references", "references", "{9A8C5CAE-2EEC-4C0E-AA1D-B2A1753C1716}"
	ProjectSection(SolutionItems) = preProject
		references\README.md = references\README.md
	EndProjectSection
EndProject
Project("{2150E333-8FDC-42A3-9474-1A3956D46DE8}") = "tests", "tests", "{3AE54F11-772F-4AD5-A1A1-C72E895233D5}"
EndProject
Project("{9A19103F-16F7-4668-BE54-9A1E7A4F7556}") = "Logging.NLog", "src\Logging.NLog\Logging.NLog.csproj", "{FD45E3A1-F77E-4AF6-9BAA-1A5CE6161B37}"
EndProject
Project("{9A19103F-16F7-4668-BE54-9A1E7A4F7556}") = "Support2100287", "src\Support2100287\Support2100287.csproj", "{BF8498E6-467C-4390-B8C6-AC3F5B055EC1}"
EndProject
Project("{9A19103F-16F7-4668-BE54-9A1E7A4F7556}") = "Support3400134", "src\Support3400134\Support3400134.csproj", "{3FDD17FC-B92F-49AB-9BBB-60F59A40D0B8}"
EndProject
Project("{2150E333-8FDC-42A3-9474-1A3956D46DE8}") = "support", "support", "{EA2FC7DA-57BB-4B02-A12E-27D192C9543F}"
EndProject
Project("{2150E333-8FDC-42A3-9474-1A3956D46DE8}") = "runner-plugins", "runner-plugins", "{711EB83F-1C61-4C00-8D30-776645E652E7}"
EndProject
Project("{9A19103F-16F7-4668-BE54-9A1E7A4F7556}") = "Support2100287Tests", "tests\Support2100287Tests\Support2100287Tests.csproj", "{FE5BF0C0-B8FD-4799-9914-77AF3E955294}"
EndProject
Project("{9A19103F-16F7-4668-BE54-9A1E7A4F7556}") = "Support3400134Tests", "tests\Support3400134Tests\Support3400134Tests.csproj", "{6FB49178-DB69-44FA-894A-439BECFEEBDB}"
EndProject
Project("{9A19103F-16F7-4668-BE54-9A1E7A4F7556}") = "Support2850200", "src\Support2850200\Support2850200.csproj", "{95E8FF52-2CBA-4570-AD13-B6F5D373A3E2}"
EndProject
Project("{FAE04EC0-301F-11D3-BF4B-00C04F79EFBC}") = "RunnerPlugin2100287", "tests-runner-plugin\RunnerPlugin2100287\RunnerPlugin2100287.csproj", "{88BD8A79-C248-48B7-927C-18125E3B0980}"
EndProject
Project("{FAE04EC0-301F-11D3-BF4B-00C04F79EFBC}") = "RunnerPlugin2850200", "tests-runner-plugin\RunnerPlugin2850200\RunnerPlugin2850200.csproj", "{30D8ADF5-494B-434A-B6ED-87A8A2611230}"
EndProject
Project("{FAE04EC0-301F-11D3-BF4B-00C04F79EFBC}") = "RunnerPlugin3400134", "tests-runner-plugin\RunnerPlugin3400134\RunnerPlugin3400134.csproj", "{4F6D2FEA-2C8A-460D-AEC2-C52BE00A6016}"
EndProject
Project("{9A19103F-16F7-4668-BE54-9A1E7A4F7556}") = "Support2850200Tests", "tests\Support2850200Tests\Support2850200Tests.csproj", "{A12C805E-7CA1-43FD-B4A1-E8FB1B704A0A}"
EndProject
Project("{FAE04EC0-301F-11D3-BF4B-00C04F79EFBC}") = "RunnerPlugin3850478", "tests-runner-plugin\RunnerPlugin3850478\RunnerPlugin3850478.csproj", "{8D9FDC42-D52D-4909-9E1A-D99E29D3B67E}"
EndProject
Project("{9A19103F-16F7-4668-BE54-9A1E7A4F7556}") = "Support3850478Tests", "tests\Support3850478Tests\Support3850478Tests.csproj", "{49445F23-9221-4420-BB24-F4BEC909B468}"
EndProject
Project("{9A19103F-16F7-4668-BE54-9A1E7A4F7556}") = "Support.Base", "src\Support.Base\Support.Base.csproj", "{535BDC11-455C-4634-9EB2-6BADA6F3CE9D}"
EndProject
Project("{9A19103F-16F7-4668-BE54-9A1E7A4F7556}") = "Support2100287.DryIoc", "src\Support2100287.DryIoc\Support2100287.DryIoc.csproj", "{DC1F2243-45E6-4F33-844D-8C1AD66CCB43}"
EndProject
Project("{9A19103F-16F7-4668-BE54-9A1E7A4F7556}") = "Support2850200.DryIoc", "src\Support2850200.DryIoc\Support2850200.DryIoc.csproj", "{E3D9ED46-6F78-4D09-A6F0-F8E5BF3C9D15}"
EndProject
Project("{9A19103F-16F7-4668-BE54-9A1E7A4F7556}") = "Support3400134.DryIoc", "src\Support3400134.DryIoc\Support3400134.DryIoc.csproj", "{C752C48C-0E56-4627-AEF5-64C8B3E200A0}"
EndProject
Project("{9A19103F-16F7-4668-BE54-9A1E7A4F7556}") = "Support3850478", "src\Support3850478\Support3850478.csproj", "{FEF40C90-18B8-4A17-BCE3-621A054F4F18}"
EndProject
Project("{9A19103F-16F7-4668-BE54-9A1E7A4F7556}") = "Support.BaseIntegrationTests", "tests\Support.BaseIntegrationTests\Support.BaseIntegrationTests.csproj", "{057B3ACD-9E77-44A0-96B2-99AE9988BD12}"
EndProject
Project("{9A19103F-16F7-4668-BE54-9A1E7A4F7556}") = "Support3850478.DryIoc", "src\Support3850478.DryIoc\Support3850478.DryIoc.csproj", "{3F53D8D0-3221-4820-A2D5-F010E353CFAF}"
EndProject
Project("{2150E333-8FDC-42A3-9474-1A3956D46DE8}") = "logging", "logging", "{8B8AAE0D-B66A-41E1-A521-7F31042E6C2E}"
EndProject
Project("{9A19103F-16F7-4668-BE54-9A1E7A4F7556}") = "Logging.NLog.DryIoc", "src\Logging.NLog.DryIoc\Logging.NLog.DryIoc.csproj", "{0528F971-FBBF-4AB8-AE47-2CC83CE6DA22}"
EndProject
Project("{9A19103F-16F7-4668-BE54-9A1E7A4F7556}") = "Support.Base.DryIoc", "src\Support.Base.DryIoc\Support.Base.DryIoc.csproj", "{30E099AA-3D3F-4735-8C9E-E25A4F8AC249}"
EndProject
Project("{9A19103F-16F7-4668-BE54-9A1E7A4F7556}") = "Actions", "src\Actions\Actions.csproj", "{A8E48EA8-9540-4BB8-B9D2-87635BB11254}"
EndProject
Project("{2150E333-8FDC-42A3-9474-1A3956D46DE8}") = "modules", "modules", "{DE9F10E4-B8A4-40FD-B6DC-BBD901DB98D3}"
EndProject
Project("{2150E333-8FDC-42A3-9474-1A3956D46DE8}") = "actions", "actions", "{6060F366-F68A-4E38-81BE-D3F0F1797DA1}"
EndProject
Project("{2150E333-8FDC-42A3-9474-1A3956D46DE8}") = "testing", "testing", "{6849C0D2-47B0-4720-8382-42DB9AE19D37}"
EndProject
Project("{9A19103F-16F7-4668-BE54-9A1E7A4F7556}") = "Actions.DryIoc", "src\Actions.DryIoc\Actions.DryIoc.csproj", "{42240713-97F9-4C9F-968B-82C1A896E386}"
EndProject
Project("{2150E333-8FDC-42A3-9474-1A3956D46DE8}") = "samples", "samples", "{2D73D855-6352-4FE3-AC66-7FE9B2A93682}"
	ProjectSection(SolutionItems) = preProject
		samples\vbscript-integration.MD = samples\vbscript-integration.MD
	EndProjectSection
EndProject
Project("{FAE04EC0-301F-11D3-BF4B-00C04F79EFBC}") = "TestingActionsPlugin2100287", "samples\TestingActionsPlugin2100287\TestingActionsPlugin2100287.csproj", "{9ACC3B16-3561-4DB7-99A5-125021B281F5}"
EndProject
Project("{9A19103F-16F7-4668-BE54-9A1E7A4F7556}") = "Support4900311", "src\Support4900311\Support4900311.csproj", "{F7EF6AC0-800B-4D49-BCF7-85A1856870F7}"
EndProject
Project("{9A19103F-16F7-4668-BE54-9A1E7A4F7556}") = "Support4900311.DryIoc", "src\Support4900311.DryIoc\Support4900311.DryIoc.csproj", "{9615B24D-324B-490A-AB80-9249E4BB5255}"
EndProject
Project("{FAE04EC0-301F-11D3-BF4B-00C04F79EFBC}") = "Support5500170", "src\Support5500170\Support5500170.csproj", "{42CE07E3-0618-4B33-8D89-8E633AE65485}"
EndProject
Project("{FAE04EC0-301F-11D3-BF4B-00C04F79EFBC}") = "Support5500170.DryIoc", "src\Support5500170.DryIoc\Support5500170.DryIoc.csproj", "{92CEBCDF-9BE4-4BCC-9541-8E6198189A65}"
EndProject
Project("{FAE04EC0-301F-11D3-BF4B-00C04F79EFBC}") = "RunnerPlugin5500170", "tests-runner-plugin\RunnerPlugin5500170\RunnerPlugin5500170.csproj", "{F76D68B7-1F40-48A0-A0BF-20A1A9F779A1}"
EndProject
Project("{FAE04EC0-301F-11D3-BF4B-00C04F79EFBC}") = "Support5500170Tests", "tests\Support5500170Tests\Support5500170Tests.csproj", "{437419D7-8C3F-41AE-B9B3-88314ADBC932}"
EndProject
Global
	GlobalSection(SolutionConfigurationPlatforms) = preSolution
		Debug|Any CPU = Debug|Any CPU
		Release|Any CPU = Release|Any CPU
	EndGlobalSection
	GlobalSection(ProjectConfigurationPlatforms) = postSolution
		{FD45E3A1-F77E-4AF6-9BAA-1A5CE6161B37}.Debug|Any CPU.ActiveCfg = Debug|Any CPU
		{FD45E3A1-F77E-4AF6-9BAA-1A5CE6161B37}.Debug|Any CPU.Build.0 = Debug|Any CPU
		{FD45E3A1-F77E-4AF6-9BAA-1A5CE6161B37}.Release|Any CPU.ActiveCfg = Release|Any CPU
		{FD45E3A1-F77E-4AF6-9BAA-1A5CE6161B37}.Release|Any CPU.Build.0 = Release|Any CPU
		{BF8498E6-467C-4390-B8C6-AC3F5B055EC1}.Debug|Any CPU.ActiveCfg = Debug|Any CPU
		{BF8498E6-467C-4390-B8C6-AC3F5B055EC1}.Debug|Any CPU.Build.0 = Debug|Any CPU
		{BF8498E6-467C-4390-B8C6-AC3F5B055EC1}.Release|Any CPU.ActiveCfg = Release|Any CPU
		{BF8498E6-467C-4390-B8C6-AC3F5B055EC1}.Release|Any CPU.Build.0 = Release|Any CPU
		{3FDD17FC-B92F-49AB-9BBB-60F59A40D0B8}.Debug|Any CPU.ActiveCfg = Debug|Any CPU
		{3FDD17FC-B92F-49AB-9BBB-60F59A40D0B8}.Debug|Any CPU.Build.0 = Debug|Any CPU
		{3FDD17FC-B92F-49AB-9BBB-60F59A40D0B8}.Release|Any CPU.ActiveCfg = Release|Any CPU
		{3FDD17FC-B92F-49AB-9BBB-60F59A40D0B8}.Release|Any CPU.Build.0 = Release|Any CPU
		{FE5BF0C0-B8FD-4799-9914-77AF3E955294}.Debug|Any CPU.ActiveCfg = Debug|Any CPU
		{FE5BF0C0-B8FD-4799-9914-77AF3E955294}.Debug|Any CPU.Build.0 = Debug|Any CPU
		{FE5BF0C0-B8FD-4799-9914-77AF3E955294}.Release|Any CPU.ActiveCfg = Release|Any CPU
		{FE5BF0C0-B8FD-4799-9914-77AF3E955294}.Release|Any CPU.Build.0 = Release|Any CPU
		{6FB49178-DB69-44FA-894A-439BECFEEBDB}.Debug|Any CPU.ActiveCfg = Debug|Any CPU
		{6FB49178-DB69-44FA-894A-439BECFEEBDB}.Debug|Any CPU.Build.0 = Debug|Any CPU
		{6FB49178-DB69-44FA-894A-439BECFEEBDB}.Release|Any CPU.ActiveCfg = Release|Any CPU
		{6FB49178-DB69-44FA-894A-439BECFEEBDB}.Release|Any CPU.Build.0 = Release|Any CPU
		{95E8FF52-2CBA-4570-AD13-B6F5D373A3E2}.Debug|Any CPU.ActiveCfg = Debug|Any CPU
		{95E8FF52-2CBA-4570-AD13-B6F5D373A3E2}.Debug|Any CPU.Build.0 = Debug|Any CPU
		{95E8FF52-2CBA-4570-AD13-B6F5D373A3E2}.Release|Any CPU.ActiveCfg = Release|Any CPU
		{95E8FF52-2CBA-4570-AD13-B6F5D373A3E2}.Release|Any CPU.Build.0 = Release|Any CPU
		{88BD8A79-C248-48B7-927C-18125E3B0980}.Debug|Any CPU.ActiveCfg = Debug|Any CPU
		{88BD8A79-C248-48B7-927C-18125E3B0980}.Debug|Any CPU.Build.0 = Debug|Any CPU
		{88BD8A79-C248-48B7-927C-18125E3B0980}.Release|Any CPU.ActiveCfg = Release|Any CPU
		{88BD8A79-C248-48B7-927C-18125E3B0980}.Release|Any CPU.Build.0 = Release|Any CPU
		{30D8ADF5-494B-434A-B6ED-87A8A2611230}.Debug|Any CPU.ActiveCfg = Debug|Any CPU
		{30D8ADF5-494B-434A-B6ED-87A8A2611230}.Debug|Any CPU.Build.0 = Debug|Any CPU
		{30D8ADF5-494B-434A-B6ED-87A8A2611230}.Release|Any CPU.ActiveCfg = Release|Any CPU
		{30D8ADF5-494B-434A-B6ED-87A8A2611230}.Release|Any CPU.Build.0 = Release|Any CPU
		{4F6D2FEA-2C8A-460D-AEC2-C52BE00A6016}.Debug|Any CPU.ActiveCfg = Debug|Any CPU
		{4F6D2FEA-2C8A-460D-AEC2-C52BE00A6016}.Debug|Any CPU.Build.0 = Debug|Any CPU
		{4F6D2FEA-2C8A-460D-AEC2-C52BE00A6016}.Release|Any CPU.ActiveCfg = Release|Any CPU
		{4F6D2FEA-2C8A-460D-AEC2-C52BE00A6016}.Release|Any CPU.Build.0 = Release|Any CPU
		{A12C805E-7CA1-43FD-B4A1-E8FB1B704A0A}.Debug|Any CPU.ActiveCfg = Debug|Any CPU
		{A12C805E-7CA1-43FD-B4A1-E8FB1B704A0A}.Debug|Any CPU.Build.0 = Debug|Any CPU
		{A12C805E-7CA1-43FD-B4A1-E8FB1B704A0A}.Release|Any CPU.ActiveCfg = Release|Any CPU
		{A12C805E-7CA1-43FD-B4A1-E8FB1B704A0A}.Release|Any CPU.Build.0 = Release|Any CPU
		{8D9FDC42-D52D-4909-9E1A-D99E29D3B67E}.Debug|Any CPU.ActiveCfg = Debug|Any CPU
		{8D9FDC42-D52D-4909-9E1A-D99E29D3B67E}.Debug|Any CPU.Build.0 = Debug|Any CPU
		{8D9FDC42-D52D-4909-9E1A-D99E29D3B67E}.Release|Any CPU.ActiveCfg = Release|Any CPU
		{8D9FDC42-D52D-4909-9E1A-D99E29D3B67E}.Release|Any CPU.Build.0 = Release|Any CPU
		{49445F23-9221-4420-BB24-F4BEC909B468}.Debug|Any CPU.ActiveCfg = Debug|Any CPU
		{49445F23-9221-4420-BB24-F4BEC909B468}.Debug|Any CPU.Build.0 = Debug|Any CPU
		{49445F23-9221-4420-BB24-F4BEC909B468}.Release|Any CPU.ActiveCfg = Release|Any CPU
		{49445F23-9221-4420-BB24-F4BEC909B468}.Release|Any CPU.Build.0 = Release|Any CPU
		{535BDC11-455C-4634-9EB2-6BADA6F3CE9D}.Debug|Any CPU.ActiveCfg = Debug|Any CPU
		{535BDC11-455C-4634-9EB2-6BADA6F3CE9D}.Debug|Any CPU.Build.0 = Debug|Any CPU
		{535BDC11-455C-4634-9EB2-6BADA6F3CE9D}.Release|Any CPU.ActiveCfg = Release|Any CPU
		{535BDC11-455C-4634-9EB2-6BADA6F3CE9D}.Release|Any CPU.Build.0 = Release|Any CPU
		{DC1F2243-45E6-4F33-844D-8C1AD66CCB43}.Debug|Any CPU.ActiveCfg = Debug|Any CPU
		{DC1F2243-45E6-4F33-844D-8C1AD66CCB43}.Debug|Any CPU.Build.0 = Debug|Any CPU
		{DC1F2243-45E6-4F33-844D-8C1AD66CCB43}.Release|Any CPU.ActiveCfg = Release|Any CPU
		{DC1F2243-45E6-4F33-844D-8C1AD66CCB43}.Release|Any CPU.Build.0 = Release|Any CPU
		{E3D9ED46-6F78-4D09-A6F0-F8E5BF3C9D15}.Debug|Any CPU.ActiveCfg = Debug|Any CPU
		{E3D9ED46-6F78-4D09-A6F0-F8E5BF3C9D15}.Debug|Any CPU.Build.0 = Debug|Any CPU
		{E3D9ED46-6F78-4D09-A6F0-F8E5BF3C9D15}.Release|Any CPU.ActiveCfg = Release|Any CPU
		{E3D9ED46-6F78-4D09-A6F0-F8E5BF3C9D15}.Release|Any CPU.Build.0 = Release|Any CPU
		{C752C48C-0E56-4627-AEF5-64C8B3E200A0}.Debug|Any CPU.ActiveCfg = Debug|Any CPU
		{C752C48C-0E56-4627-AEF5-64C8B3E200A0}.Debug|Any CPU.Build.0 = Debug|Any CPU
		{C752C48C-0E56-4627-AEF5-64C8B3E200A0}.Release|Any CPU.ActiveCfg = Release|Any CPU
		{C752C48C-0E56-4627-AEF5-64C8B3E200A0}.Release|Any CPU.Build.0 = Release|Any CPU
		{FEF40C90-18B8-4A17-BCE3-621A054F4F18}.Debug|Any CPU.ActiveCfg = Debug|Any CPU
		{FEF40C90-18B8-4A17-BCE3-621A054F4F18}.Debug|Any CPU.Build.0 = Debug|Any CPU
		{FEF40C90-18B8-4A17-BCE3-621A054F4F18}.Release|Any CPU.ActiveCfg = Release|Any CPU
		{FEF40C90-18B8-4A17-BCE3-621A054F4F18}.Release|Any CPU.Build.0 = Release|Any CPU
		{057B3ACD-9E77-44A0-96B2-99AE9988BD12}.Debug|Any CPU.ActiveCfg = Debug|Any CPU
		{057B3ACD-9E77-44A0-96B2-99AE9988BD12}.Debug|Any CPU.Build.0 = Debug|Any CPU
		{057B3ACD-9E77-44A0-96B2-99AE9988BD12}.Release|Any CPU.ActiveCfg = Release|Any CPU
		{057B3ACD-9E77-44A0-96B2-99AE9988BD12}.Release|Any CPU.Build.0 = Release|Any CPU
		{3F53D8D0-3221-4820-A2D5-F010E353CFAF}.Debug|Any CPU.ActiveCfg = Debug|Any CPU
		{3F53D8D0-3221-4820-A2D5-F010E353CFAF}.Debug|Any CPU.Build.0 = Debug|Any CPU
		{3F53D8D0-3221-4820-A2D5-F010E353CFAF}.Release|Any CPU.ActiveCfg = Release|Any CPU
		{3F53D8D0-3221-4820-A2D5-F010E353CFAF}.Release|Any CPU.Build.0 = Release|Any CPU
		{0528F971-FBBF-4AB8-AE47-2CC83CE6DA22}.Debug|Any CPU.ActiveCfg = Debug|Any CPU
		{0528F971-FBBF-4AB8-AE47-2CC83CE6DA22}.Debug|Any CPU.Build.0 = Debug|Any CPU
		{0528F971-FBBF-4AB8-AE47-2CC83CE6DA22}.Release|Any CPU.ActiveCfg = Release|Any CPU
		{0528F971-FBBF-4AB8-AE47-2CC83CE6DA22}.Release|Any CPU.Build.0 = Release|Any CPU
		{30E099AA-3D3F-4735-8C9E-E25A4F8AC249}.Debug|Any CPU.ActiveCfg = Debug|Any CPU
		{30E099AA-3D3F-4735-8C9E-E25A4F8AC249}.Debug|Any CPU.Build.0 = Debug|Any CPU
		{30E099AA-3D3F-4735-8C9E-E25A4F8AC249}.Release|Any CPU.ActiveCfg = Release|Any CPU
		{30E099AA-3D3F-4735-8C9E-E25A4F8AC249}.Release|Any CPU.Build.0 = Release|Any CPU
		{A8E48EA8-9540-4BB8-B9D2-87635BB11254}.Debug|Any CPU.ActiveCfg = Debug|Any CPU
		{A8E48EA8-9540-4BB8-B9D2-87635BB11254}.Debug|Any CPU.Build.0 = Debug|Any CPU
		{A8E48EA8-9540-4BB8-B9D2-87635BB11254}.Release|Any CPU.ActiveCfg = Release|Any CPU
		{A8E48EA8-9540-4BB8-B9D2-87635BB11254}.Release|Any CPU.Build.0 = Release|Any CPU
		{42240713-97F9-4C9F-968B-82C1A896E386}.Debug|Any CPU.ActiveCfg = Debug|Any CPU
		{42240713-97F9-4C9F-968B-82C1A896E386}.Debug|Any CPU.Build.0 = Debug|Any CPU
		{42240713-97F9-4C9F-968B-82C1A896E386}.Release|Any CPU.ActiveCfg = Release|Any CPU
		{42240713-97F9-4C9F-968B-82C1A896E386}.Release|Any CPU.Build.0 = Release|Any CPU
		{9ACC3B16-3561-4DB7-99A5-125021B281F5}.Debug|Any CPU.ActiveCfg = Debug|Any CPU
		{9ACC3B16-3561-4DB7-99A5-125021B281F5}.Debug|Any CPU.Build.0 = Debug|Any CPU
		{9ACC3B16-3561-4DB7-99A5-125021B281F5}.Release|Any CPU.ActiveCfg = Release|Any CPU
		{9ACC3B16-3561-4DB7-99A5-125021B281F5}.Release|Any CPU.Build.0 = Release|Any CPU
		{F7EF6AC0-800B-4D49-BCF7-85A1856870F7}.Debug|Any CPU.ActiveCfg = Debug|Any CPU
		{F7EF6AC0-800B-4D49-BCF7-85A1856870F7}.Debug|Any CPU.Build.0 = Debug|Any CPU
		{F7EF6AC0-800B-4D49-BCF7-85A1856870F7}.Release|Any CPU.ActiveCfg = Release|Any CPU
		{F7EF6AC0-800B-4D49-BCF7-85A1856870F7}.Release|Any CPU.Build.0 = Release|Any CPU
		{9615B24D-324B-490A-AB80-9249E4BB5255}.Debug|Any CPU.ActiveCfg = Debug|Any CPU
		{9615B24D-324B-490A-AB80-9249E4BB5255}.Debug|Any CPU.Build.0 = Debug|Any CPU
		{9615B24D-324B-490A-AB80-9249E4BB5255}.Release|Any CPU.ActiveCfg = Release|Any CPU
		{9615B24D-324B-490A-AB80-9249E4BB5255}.Release|Any CPU.Build.0 = Release|Any CPU
		{42CE07E3-0618-4B33-8D89-8E633AE65485}.Debug|Any CPU.ActiveCfg = Debug|Any CPU
		{42CE07E3-0618-4B33-8D89-8E633AE65485}.Debug|Any CPU.Build.0 = Debug|Any CPU
		{42CE07E3-0618-4B33-8D89-8E633AE65485}.Release|Any CPU.ActiveCfg = Release|Any CPU
		{42CE07E3-0618-4B33-8D89-8E633AE65485}.Release|Any CPU.Build.0 = Release|Any CPU
		{92CEBCDF-9BE4-4BCC-9541-8E6198189A65}.Debug|Any CPU.ActiveCfg = Debug|Any CPU
		{92CEBCDF-9BE4-4BCC-9541-8E6198189A65}.Debug|Any CPU.Build.0 = Debug|Any CPU
		{92CEBCDF-9BE4-4BCC-9541-8E6198189A65}.Release|Any CPU.ActiveCfg = Release|Any CPU
		{92CEBCDF-9BE4-4BCC-9541-8E6198189A65}.Release|Any CPU.Build.0 = Release|Any CPU
		{F76D68B7-1F40-48A0-A0BF-20A1A9F779A1}.Debug|Any CPU.ActiveCfg = Debug|Any CPU
		{F76D68B7-1F40-48A0-A0BF-20A1A9F779A1}.Debug|Any CPU.Build.0 = Debug|Any CPU
		{F76D68B7-1F40-48A0-A0BF-20A1A9F779A1}.Release|Any CPU.ActiveCfg = Release|Any CPU
		{F76D68B7-1F40-48A0-A0BF-20A1A9F779A1}.Release|Any CPU.Build.0 = Release|Any CPU
		{437419D7-8C3F-41AE-B9B3-88314ADBC932}.Debug|Any CPU.ActiveCfg = Debug|Any CPU
		{437419D7-8C3F-41AE-B9B3-88314ADBC932}.Debug|Any CPU.Build.0 = Debug|Any CPU
		{437419D7-8C3F-41AE-B9B3-88314ADBC932}.Release|Any CPU.ActiveCfg = Release|Any CPU
		{437419D7-8C3F-41AE-B9B3-88314ADBC932}.Release|Any CPU.Build.0 = Release|Any CPU
	EndGlobalSection
	GlobalSection(SolutionProperties) = preSolution
		HideSolutionNode = FALSE
	EndGlobalSection
	GlobalSection(NestedProjects) = preSolution
		{3AE54F11-772F-4AD5-A1A1-C72E895233D5} = {6849C0D2-47B0-4720-8382-42DB9AE19D37}
		{FD45E3A1-F77E-4AF6-9BAA-1A5CE6161B37} = {8B8AAE0D-B66A-41E1-A521-7F31042E6C2E}
		{BF8498E6-467C-4390-B8C6-AC3F5B055EC1} = {EA2FC7DA-57BB-4B02-A12E-27D192C9543F}
		{3FDD17FC-B92F-49AB-9BBB-60F59A40D0B8} = {EA2FC7DA-57BB-4B02-A12E-27D192C9543F}
		{EA2FC7DA-57BB-4B02-A12E-27D192C9543F} = {DE9F10E4-B8A4-40FD-B6DC-BBD901DB98D3}
		{711EB83F-1C61-4C00-8D30-776645E652E7} = {6849C0D2-47B0-4720-8382-42DB9AE19D37}
		{FE5BF0C0-B8FD-4799-9914-77AF3E955294} = {3AE54F11-772F-4AD5-A1A1-C72E895233D5}
		{6FB49178-DB69-44FA-894A-439BECFEEBDB} = {3AE54F11-772F-4AD5-A1A1-C72E895233D5}
		{95E8FF52-2CBA-4570-AD13-B6F5D373A3E2} = {EA2FC7DA-57BB-4B02-A12E-27D192C9543F}
		{88BD8A79-C248-48B7-927C-18125E3B0980} = {711EB83F-1C61-4C00-8D30-776645E652E7}
		{30D8ADF5-494B-434A-B6ED-87A8A2611230} = {711EB83F-1C61-4C00-8D30-776645E652E7}
		{4F6D2FEA-2C8A-460D-AEC2-C52BE00A6016} = {711EB83F-1C61-4C00-8D30-776645E652E7}
		{A12C805E-7CA1-43FD-B4A1-E8FB1B704A0A} = {3AE54F11-772F-4AD5-A1A1-C72E895233D5}
		{8D9FDC42-D52D-4909-9E1A-D99E29D3B67E} = {711EB83F-1C61-4C00-8D30-776645E652E7}
		{49445F23-9221-4420-BB24-F4BEC909B468} = {3AE54F11-772F-4AD5-A1A1-C72E895233D5}
		{535BDC11-455C-4634-9EB2-6BADA6F3CE9D} = {EA2FC7DA-57BB-4B02-A12E-27D192C9543F}
		{DC1F2243-45E6-4F33-844D-8C1AD66CCB43} = {EA2FC7DA-57BB-4B02-A12E-27D192C9543F}
		{E3D9ED46-6F78-4D09-A6F0-F8E5BF3C9D15} = {EA2FC7DA-57BB-4B02-A12E-27D192C9543F}
		{C752C48C-0E56-4627-AEF5-64C8B3E200A0} = {EA2FC7DA-57BB-4B02-A12E-27D192C9543F}
		{FEF40C90-18B8-4A17-BCE3-621A054F4F18} = {EA2FC7DA-57BB-4B02-A12E-27D192C9543F}
		{057B3ACD-9E77-44A0-96B2-99AE9988BD12} = {3AE54F11-772F-4AD5-A1A1-C72E895233D5}
		{3F53D8D0-3221-4820-A2D5-F010E353CFAF} = {EA2FC7DA-57BB-4B02-A12E-27D192C9543F}
		{8B8AAE0D-B66A-41E1-A521-7F31042E6C2E} = {DE9F10E4-B8A4-40FD-B6DC-BBD901DB98D3}
		{0528F971-FBBF-4AB8-AE47-2CC83CE6DA22} = {8B8AAE0D-B66A-41E1-A521-7F31042E6C2E}
		{30E099AA-3D3F-4735-8C9E-E25A4F8AC249} = {EA2FC7DA-57BB-4B02-A12E-27D192C9543F}
		{A8E48EA8-9540-4BB8-B9D2-87635BB11254} = {6060F366-F68A-4E38-81BE-D3F0F1797DA1}
		{6060F366-F68A-4E38-81BE-D3F0F1797DA1} = {DE9F10E4-B8A4-40FD-B6DC-BBD901DB98D3}
		{42240713-97F9-4C9F-968B-82C1A896E386} = {6060F366-F68A-4E38-81BE-D3F0F1797DA1}
		{9ACC3B16-3561-4DB7-99A5-125021B281F5} = {2D73D855-6352-4FE3-AC66-7FE9B2A93682}
		{F7EF6AC0-800B-4D49-BCF7-85A1856870F7} = {EA2FC7DA-57BB-4B02-A12E-27D192C9543F}
		{9615B24D-324B-490A-AB80-9249E4BB5255} = {EA2FC7DA-57BB-4B02-A12E-27D192C9543F}
		{42CE07E3-0618-4B33-8D89-8E633AE65485} = {EA2FC7DA-57BB-4B02-A12E-27D192C9543F}
		{92CEBCDF-9BE4-4BCC-9541-8E6198189A65} = {EA2FC7DA-57BB-4B02-A12E-27D192C9543F}
		{F76D68B7-1F40-48A0-A0BF-20A1A9F779A1} = {711EB83F-1C61-4C00-8D30-776645E652E7}
		{437419D7-8C3F-41AE-B9B3-88314ADBC932} = {3AE54F11-772F-4AD5-A1A1-C72E895233D5}
	EndGlobalSection
	GlobalSection(ExtensibilityGlobals) = postSolution
		SolutionGuid = {FF2F6355-713F-4AAF-A5F2-CDACE06FFE8B}
	EndGlobalSection
EndGlobal
